
Microsoft Visual Studio Solution File, Format Version 12.00
# Visual Studio Version 16
VisualStudioVersion = 16.0.29001.49
MinimumVisualStudioVersion = 10.0.40219.1
Project("{FAE04EC0-301F-11D3-BF4B-00C04F79EFBC}") = "MyPOS.Android", "MyPOS\MyPOS.Android\MyPOS.Android.csproj", "{EFDA9982-2390-43D1-A881-FEE76F5915F6}"
EndProject
Project("{FAE04EC0-301F-11D3-BF4B-00C04F79EFBC}") = "MyPOS.iOS", "MyPOS\MyPOS.iOS\MyPOS.iOS.csproj", "{394CD789-55C0-4308-A652-64FFC1E4C8E2}"
EndProject
Project("{FAE04EC0-301F-11D3-BF4B-00C04F79EFBC}") = "MyPOS", "MyPOS\MyPOS\MyPOS.csproj", "{5BC3939B-B57E-49DF-BDA3-4DD286EE0DFA}"
EndProject
Global
	GlobalSection(SolutionConfigurationPlatforms) = preSolution
		Debug|Any CPU = Debug|Any CPU
		Debug|iPhone = Debug|iPhone
		Debug|iPhoneSimulator = Debug|iPhoneSimulator
		Release|Any CPU = Release|Any CPU
		Release|iPhone = Release|iPhone
		Release|iPhoneSimulator = Release|iPhoneSimulator
	EndGlobalSection
	GlobalSection(ProjectConfigurationPlatforms) = postSolution
		{EFDA9982-2390-43D1-A881-FEE76F5915F6}.Debug|Any CPU.ActiveCfg = Debug|Any CPU
		{EFDA9982-2390-43D1-A881-FEE76F5915F6}.Debug|Any CPU.Build.0 = Debug|Any CPU
		{EFDA9982-2390-43D1-A881-FEE76F5915F6}.Debug|Any CPU.Deploy.0 = Debug|Any CPU
		{EFDA9982-2390-43D1-A881-FEE76F5915F6}.Debug|iPhone.ActiveCfg = Debug|Any CPU
		{EFDA9982-2390-43D1-A881-FEE76F5915F6}.Debug|iPhone.Build.0 = Debug|Any CPU
		{EFDA9982-2390-43D1-A881-FEE76F5915F6}.Debug|iPhone.Deploy.0 = Debug|Any CPU
		{EFDA9982-2390-43D1-A881-FEE76F5915F6}.Debug|iPhoneSimulator.ActiveCfg = Debug|Any CPU
		{EFDA9982-2390-43D1-A881-FEE76F5915F6}.Debug|iPhoneSimulator.Build.0 = Debug|Any CPU
		{EFDA9982-2390-43D1-A881-FEE76F5915F6}.Debug|iPhoneSimulator.Deploy.0 = Debug|Any CPU
		{EFDA9982-2390-43D1-A881-FEE76F5915F6}.Release|Any CPU.ActiveCfg = Release|Any CPU
		{EFDA9982-2390-43D1-A881-FEE76F5915F6}.Release|Any CPU.Build.0 = Release|Any CPU
		{EFDA9982-2390-43D1-A881-FEE76F5915F6}.Release|Any CPU.Deploy.0 = Release|Any CPU
		{EFDA9982-2390-43D1-A881-FEE76F5915F6}.Release|iPhone.ActiveCfg = Release|Any CPU
		{EFDA9982-2390-43D1-A881-FEE76F5915F6}.Release|iPhone.Build.0 = Release|Any CPU
		{EFDA9982-2390-43D1-A881-FEE76F5915F6}.Release|iPhone.Deploy.0 = Release|Any CPU
		{EFDA9982-2390-43D1-A881-FEE76F5915F6}.Release|iPhoneSimulator.ActiveCfg = Release|Any CPU
		{EFDA9982-2390-43D1-A881-FEE76F5915F6}.Release|iPhoneSimulator.Build.0 = Release|Any CPU
		{EFDA9982-2390-43D1-A881-FEE76F5915F6}.Release|iPhoneSimulator.Deploy.0 = Release|Any CPU
		{394CD789-55C0-4308-A652-64FFC1E4C8E2}.Debug|Any CPU.ActiveCfg = Debug|iPhoneSimulator
		{394CD789-55C0-4308-A652-64FFC1E4C8E2}.Debug|Any CPU.Build.0 = Debug|iPhoneSimulator
		{394CD789-55C0-4308-A652-64FFC1E4C8E2}.Debug|Any CPU.Deploy.0 = Debug|iPhoneSimulator
		{394CD789-55C0-4308-A652-64FFC1E4C8E2}.Debug|iPhone.ActiveCfg = Debug|iPhone
		{394CD789-55C0-4308-A652-64FFC1E4C8E2}.Debug|iPhone.Build.0 = Debug|iPhone
		{394CD789-55C0-4308-A652-64FFC1E4C8E2}.Debug|iPhone.Deploy.0 = Debug|iPhone
		{394CD789-55C0-4308-A652-64FFC1E4C8E2}.Debug|iPhoneSimulator.ActiveCfg = Debug|iPhoneSimulator
		{394CD789-55C0-4308-A652-64FFC1E4C8E2}.Debug|iPhoneSimulator.Build.0 = Debug|iPhoneSimulator
		{394CD789-55C0-4308-A652-64FFC1E4C8E2}.Debug|iPhoneSimulator.Deploy.0 = Debug|iPhoneSimulator
		{394CD789-55C0-4308-A652-64FFC1E4C8E2}.Release|Any CPU.ActiveCfg = Release|iPhone
		{394CD789-55C0-4308-A652-64FFC1E4C8E2}.Release|Any CPU.Build.0 = Release|iPhone
		{394CD789-55C0-4308-A652-64FFC1E4C8E2}.Release|Any CPU.Deploy.0 = Release|iPhone
		{394CD789-55C0-4308-A652-64FFC1E4C8E2}.Release|iPhone.ActiveCfg = Release|iPhone
		{394CD789-55C0-4308-A652-64FFC1E4C8E2}.Release|iPhone.Build.0 = Release|iPhone
		{394CD789-55C0-4308-A652-64FFC1E4C8E2}.Release|iPhone.Deploy.0 = Release|iPhone
		{394CD789-55C0-4308-A652-64FFC1E4C8E2}.Release|iPhoneSimulator.ActiveCfg = Release|iPhoneSimulator
		{394CD789-55C0-4308-A652-64FFC1E4C8E2}.Release|iPhoneSimulator.Build.0 = Release|iPhoneSimulator
		{394CD789-55C0-4308-A652-64FFC1E4C8E2}.Release|iPhoneSimulator.Deploy.0 = Release|iPhoneSimulator
		{5BC3939B-B57E-49DF-BDA3-4DD286EE0DFA}.Debug|Any CPU.ActiveCfg = Debug|Any CPU
		{5BC3939B-B57E-49DF-BDA3-4DD286EE0DFA}.Debug|Any CPU.Build.0 = Debug|Any CPU
		{5BC3939B-B57E-49DF-BDA3-4DD286EE0DFA}.Debug|Any CPU.Deploy.0 = Debug|Any CPU
		{5BC3939B-B57E-49DF-BDA3-4DD286EE0DFA}.Debug|iPhone.ActiveCfg = Debug|Any CPU
		{5BC3939B-B57E-49DF-BDA3-4DD286EE0DFA}.Debug|iPhone.Build.0 = Debug|Any CPU
		{5BC3939B-B57E-49DF-BDA3-4DD286EE0DFA}.Debug|iPhone.Deploy.0 = Debug|Any CPU
		{5BC3939B-B57E-49DF-BDA3-4DD286EE0DFA}.Debug|iPhoneSimulator.ActiveCfg = Debug|Any CPU
		{5BC3939B-B57E-49DF-BDA3-4DD286EE0DFA}.Debug|iPhoneSimulator.Build.0 = Debug|Any CPU
		{5BC3939B-B57E-49DF-BDA3-4DD286EE0DFA}.Debug|iPhoneSimulator.Deploy.0 = Debug|Any CPU
		{5BC3939B-B57E-49DF-BDA3-4DD286EE0DFA}.Release|Any CPU.ActiveCfg = Release|Any CPU
		{5BC3939B-B57E-49DF-BDA3-4DD286EE0DFA}.Release|Any CPU.Build.0 = Release|Any CPU
		{5BC3939B-B57E-49DF-BDA3-4DD286EE0DFA}.Release|Any CPU.Deploy.0 = Release|Any CPU
		{5BC3939B-B57E-49DF-BDA3-4DD286EE0DFA}.Release|iPhone.ActiveCfg = Release|Any CPU
		{5BC3939B-B57E-49DF-BDA3-4DD286EE0DFA}.Release|iPhone.Build.0 = Release|Any CPU
		{5BC3939B-B57E-49DF-BDA3-4DD286EE0DFA}.Release|iPhone.Deploy.0 = Release|Any CPU
		{5BC3939B-B57E-49DF-BDA3-4DD286EE0DFA}.Release|iPhoneSimulator.ActiveCfg = Release|Any CPU
		{5BC3939B-B57E-49DF-BDA3-4DD286EE0DFA}.Release|iPhoneSimulator.Build.0 = Release|Any CPU
		{5BC3939B-B57E-49DF-BDA3-4DD286EE0DFA}.Release|iPhoneSimulator.Deploy.0 = Release|Any CPU
	EndGlobalSection
	GlobalSection(SolutionProperties) = preSolution
		HideSolutionNode = FALSE
	EndGlobalSection
	GlobalSection(ExtensibilityGlobals) = postSolution
		SolutionGuid = {0A02D368-52E3-422F-9565-0BE5A5210B98}
	EndGlobalSection
EndGlobal
